// !$*UTF8*$!
{
	archiveVersion = 1;
	classes = {
	};
	objectVersion = 56;
	objects = {

/* Begin PBXBuildFile section */
		521505752BBD73D600EB6E1D /* TodayDate.m in Sources */ = {isa = PBXBuildFile; fileRef = 521505742BBD73D600EB6E1D /* TodayDate.m */; };
		5277BD962BBBF269007BDF0C /* AppDelegate.m in Sources */ = {isa = PBXBuildFile; fileRef = 5277BD952BBBF269007BDF0C /* AppDelegate.m */; };
		5277BD992BBBF269007BDF0C /* SceneDelegate.m in Sources */ = {isa = PBXBuildFile; fileRef = 5277BD982BBBF269007BDF0C /* SceneDelegate.m */; };
		5277BD9C2BBBF269007BDF0C /* ReminderViewController.m in Sources */ = {isa = PBXBuildFile; fileRef = 5277BD9B2BBBF269007BDF0C /* ReminderViewController.m */; };
		5277BD9F2BBBF269007BDF0C /* Main.storyboard in Resources */ = {isa = PBXBuildFile; fileRef = 5277BD9D2BBBF269007BDF0C /* Main.storyboard */; };
		5277BDA12BBBF26A007BDF0C /* Assets.xcassets in Resources */ = {isa = PBXBuildFile; fileRef = 5277BDA02BBBF26A007BDF0C /* Assets.xcassets */; };
		5277BDA42BBBF26A007BDF0C /* LaunchScreen.storyboard in Resources */ = {isa = PBXBuildFile; fileRef = 5277BDA22BBBF26A007BDF0C /* LaunchScreen.storyboard */; };
		5277BDA72BBBF26A007BDF0C /* main.m in Sources */ = {isa = PBXBuildFile; fileRef = 5277BDA62BBBF26A007BDF0C /* main.m */; };
		5277BDB12BBBF9BB007BDF0C /* Reminder.m in Sources */ = {isa = PBXBuildFile; fileRef = 5277BDB02BBBF9BB007BDF0C /* Reminder.m */; };
		52897E7F2BC5224C00FEA30B /* ReminderVCDataSource.m in Sources */ = {isa = PBXBuildFile; fileRef = 52897E7E2BC5224C00FEA30B /* ReminderVCDataSource.m */; };
		52897E832BC6673000FEA30B /* ReminderDoneButton.m in Sources */ = {isa = PBXBuildFile; fileRef = 52897E822BC6673000FEA30B /* ReminderDoneButton.m */; };
		52897E862BC66D6100FEA30B /* ReminderVCActions.m in Sources */ = {isa = PBXBuildFile; fileRef = 52897E852BC66D6100FEA30B /* ReminderVCActions.m */; };
/* End PBXBuildFile section */

/* Begin PBXFileReference section */
		521505732BBD735700EB6E1D /* TodayDate.h */ = {isa = PBXFileReference; lastKnownFileType = sourcecode.c.h; path = TodayDate.h; sourceTree = "<group>"; };
		521505742BBD73D600EB6E1D /* TodayDate.m */ = {isa = PBXFileReference; lastKnownFileType = sourcecode.c.objc; path = TodayDate.m; sourceTree = "<group>"; };
		5277BD912BBBF269007BDF0C /* Today.app */ = {isa = PBXFileReference; explicitFileType = wrapper.application; includeInIndex = 0; path = Today.app; sourceTree = BUILT_PRODUCTS_DIR; };
		5277BD942BBBF269007BDF0C /* AppDelegate.h */ = {isa = PBXFileReference; lastKnownFileType = sourcecode.c.h; path = AppDelegate.h; sourceTree = "<group>"; };
		5277BD952BBBF269007BDF0C /* AppDelegate.m */ = {isa = PBXFileReference; lastKnownFileType = sourcecode.c.objc; path = AppDelegate.m; sourceTree = "<group>"; };
		5277BD972BBBF269007BDF0C /* SceneDelegate.h */ = {isa = PBXFileReference; lastKnownFileType = sourcecode.c.h; path = SceneDelegate.h; sourceTree = "<group>"; };
		5277BD982BBBF269007BDF0C /* SceneDelegate.m */ = {isa = PBXFileReference; lastKnownFileType = sourcecode.c.objc; path = SceneDelegate.m; sourceTree = "<group>"; };
		5277BD9A2BBBF269007BDF0C /* ReminderViewController.h */ = {isa = PBXFileReference; lastKnownFileType = sourcecode.c.h; path = ReminderViewController.h; sourceTree = "<group>"; };
		5277BD9B2BBBF269007BDF0C /* ReminderViewController.m */ = {isa = PBXFileReference; lastKnownFileType = sourcecode.c.objc; path = ReminderViewController.m; sourceTree = "<group>"; };
		5277BD9E2BBBF269007BDF0C /* Base */ = {isa = PBXFileReference; lastKnownFileType = file.storyboard; name = Base; path = Base.lproj/Main.storyboard; sourceTree = "<group>"; };
		5277BDA02BBBF26A007BDF0C /* Assets.xcassets */ = {isa = PBXFileReference; lastKnownFileType = folder.assetcatalog; path = Assets.xcassets; sourceTree = "<group>"; };
		5277BDA32BBBF26A007BDF0C /* Base */ = {isa = PBXFileReference; lastKnownFileType = file.storyboard; name = Base; path = Base.lproj/LaunchScreen.storyboard; sourceTree = "<group>"; };
		5277BDA52BBBF26A007BDF0C /* Info.plist */ = {isa = PBXFileReference; lastKnownFileType = text.plist.xml; path = Info.plist; sourceTree = "<group>"; };
		5277BDA62BBBF26A007BDF0C /* main.m */ = {isa = PBXFileReference; lastKnownFileType = sourcecode.c.objc; path = main.m; sourceTree = "<group>"; };
		5277BDB02BBBF9BB007BDF0C /* Reminder.m */ = {isa = PBXFileReference; lastKnownFileType = sourcecode.c.objc; path = Reminder.m; sourceTree = "<group>"; };
		5277BDB22BBBFA0E007BDF0C /* Reminder.h */ = {isa = PBXFileReference; lastKnownFileType = sourcecode.c.h; path = Reminder.h; sourceTree = "<group>"; };
		52897E7D2BC5214A00FEA30B /* ReminderVCDataSource.h */ = {isa = PBXFileReference; lastKnownFileType = sourcecode.c.h; path = ReminderVCDataSource.h; sourceTree = "<group>"; };
		52897E7E2BC5224C00FEA30B /* ReminderVCDataSource.m */ = {isa = PBXFileReference; lastKnownFileType = sourcecode.c.objc; path = ReminderVCDataSource.m; sourceTree = "<group>"; };
		52897E812BC6670E00FEA30B /* ReminderDoneButton.h */ = {isa = PBXFileReference; lastKnownFileType = sourcecode.c.h; path = ReminderDoneButton.h; sourceTree = "<group>"; };
		52897E822BC6673000FEA30B /* ReminderDoneButton.m */ = {isa = PBXFileReference; lastKnownFileType = sourcecode.c.objc; path = ReminderDoneButton.m; sourceTree = "<group>"; };
		52897E842BC66D0500FEA30B /* ReminderVCActions.h */ = {isa = PBXFileReference; lastKnownFileType = sourcecode.c.h; path = ReminderVCActions.h; sourceTree = "<group>"; };
		52897E852BC66D6100FEA30B /* ReminderVCActions.m */ = {isa = PBXFileReference; lastKnownFileType = sourcecode.c.objc; path = ReminderVCActions.m; sourceTree = "<group>"; };
/* End PBXFileReference section */

/* Begin PBXFrameworksBuildPhase section */
		5277BD8E2BBBF269007BDF0C /* Frameworks */ = {
			isa = PBXFrameworksBuildPhase;
			buildActionMask = 2147483647;
			files = (
			);
			runOnlyForDeploymentPostprocessing = 0;
		};
/* End PBXFrameworksBuildPhase section */

/* Begin PBXGroup section */
		5277BD882BBBF269007BDF0C = {
			isa = PBXGroup;
			children = (
				5277BD932BBBF269007BDF0C /* Today */,
				5277BD922BBBF269007BDF0C /* Products */,
			);
			sourceTree = "<group>";
		};
		5277BD922BBBF269007BDF0C /* Products */ = {
			isa = PBXGroup;
			children = (
				5277BD912BBBF269007BDF0C /* Today.app */,
			);
			name = Products;
			sourceTree = "<group>";
		};
		5277BD932BBBF269007BDF0C /* Today */ = {
			isa = PBXGroup;
			children = (
				5277BDB32BBD6E2A007BDF0C /* App */,
				52897E802BC5C81400FEA30B /* Helpers */,
				5277BDAD2BBBF4B8007BDF0C /* Models */,
				5277BDB42BBD6E44007BDF0C /* ListViewController */,
				5277BDA52BBBF26A007BDF0C /* Info.plist */,
				5277BD9D2BBBF269007BDF0C /* Main.storyboard */,
				5277BDA62BBBF26A007BDF0C /* main.m */,
			);
			path = Today;
			sourceTree = "<group>";
		};
		5277BDAD2BBBF4B8007BDF0C /* Models */ = {
			isa = PBXGroup;
			children = (
				5277BDB22BBBFA0E007BDF0C /* Reminder.h */,
				5277BDB02BBBF9BB007BDF0C /* Reminder.m */,
			);
			path = Models;
			sourceTree = "<group>";
		};
		5277BDB32BBD6E2A007BDF0C /* App */ = {
			isa = PBXGroup;
			children = (
				5277BD942BBBF269007BDF0C /* AppDelegate.h */,
				5277BD952BBBF269007BDF0C /* AppDelegate.m */,
				5277BD972BBBF269007BDF0C /* SceneDelegate.h */,
				5277BD982BBBF269007BDF0C /* SceneDelegate.m */,
				5277BDA22BBBF26A007BDF0C /* LaunchScreen.storyboard */,
				5277BDA02BBBF26A007BDF0C /* Assets.xcassets */,
			);
			path = App;
			sourceTree = "<group>";
		};
		5277BDB42BBD6E44007BDF0C /* ListViewController */ = {
			isa = PBXGroup;
			children = (
				5277BD9A2BBBF269007BDF0C /* ReminderViewController.h */,
				5277BD9B2BBBF269007BDF0C /* ReminderViewController.m */,
				52897E7D2BC5214A00FEA30B /* ReminderVCDataSource.h */,
				52897E7E2BC5224C00FEA30B /* ReminderVCDataSource.m */,
				52897E812BC6670E00FEA30B /* ReminderDoneButton.h */,
				52897E822BC6673000FEA30B /* ReminderDoneButton.m */,
				52897E842BC66D0500FEA30B /* ReminderVCActions.h */,
				52897E852BC66D6100FEA30B /* ReminderVCActions.m */,
			);
			path = ListViewController;
			sourceTree = "<group>";
		};
		52897E802BC5C81400FEA30B /* Helpers */ = {
			isa = PBXGroup;
			children = (
				521505732BBD735700EB6E1D /* TodayDate.h */,
				521505742BBD73D600EB6E1D /* TodayDate.m */,
			);
			path = Helpers;
			sourceTree = "<group>";
		};
/* End PBXGroup section */

/* Begin PBXNativeTarget section */
		5277BD902BBBF269007BDF0C /* Today */ = {
			isa = PBXNativeTarget;
			buildConfigurationList = 5277BDAA2BBBF26A007BDF0C /* Build configuration list for PBXNativeTarget "Today" */;
			buildPhases = (
				5277BD8D2BBBF269007BDF0C /* Sources */,
				5277BD8E2BBBF269007BDF0C /* Frameworks */,
				5277BD8F2BBBF269007BDF0C /* Resources */,
			);
			buildRules = (
			);
			dependencies = (
			);
			name = Today;
			productName = Today;
			productReference = 5277BD912BBBF269007BDF0C /* Today.app */;
			productType = "com.apple.product-type.application";
		};
/* End PBXNativeTarget section */

/* Begin PBXProject section */
		5277BD892BBBF269007BDF0C /* Project object */ = {
			isa = PBXProject;
			attributes = {
				BuildIndependentTargetsInParallel = 1;
				LastUpgradeCheck = 1520;
				TargetAttributes = {
					5277BD902BBBF269007BDF0C = {
						CreatedOnToolsVersion = 15.2;
					};
				};
			};
			buildConfigurationList = 5277BD8C2BBBF269007BDF0C /* Build configuration list for PBXProject "Today" */;
			compatibilityVersion = "Xcode 14.0";
			developmentRegion = en;
			hasScannedForEncodings = 0;
			knownRegions = (
				en,
				Base,
			);
			mainGroup = 5277BD882BBBF269007BDF0C;
			productRefGroup = 5277BD922BBBF269007BDF0C /* Products */;
			projectDirPath = "";
			projectRoot = "";
			targets = (
				5277BD902BBBF269007BDF0C /* Today */,
			);
		};
/* End PBXProject section */

/* Begin PBXResourcesBuildPhase section */
		5277BD8F2BBBF269007BDF0C /* Resources */ = {
			isa = PBXResourcesBuildPhase;
			buildActionMask = 2147483647;
			files = (
				5277BDA42BBBF26A007BDF0C /* LaunchScreen.storyboard in Resources */,
				5277BDA12BBBF26A007BDF0C /* Assets.xcassets in Resources */,
				5277BD9F2BBBF269007BDF0C /* Main.storyboard in Resources */,
			);
			runOnlyForDeploymentPostprocessing = 0;
		};
/* End PBXResourcesBuildPhase section */

/* Begin PBXSourcesBuildPhase section */
		5277BD8D2BBBF269007BDF0C /* Sources */ = {
			isa = PBXSourcesBuildPhase;
			buildActionMask = 2147483647;
			files = (
				5277BD9C2BBBF269007BDF0C /* ReminderViewController.m in Sources */,
				521505752BBD73D600EB6E1D /* TodayDate.m in Sources */,
				52897E7F2BC5224C00FEA30B /* ReminderVCDataSource.m in Sources */,
				5277BD962BBBF269007BDF0C /* AppDelegate.m in Sources */,
				52897E862BC66D6100FEA30B /* ReminderVCActions.m in Sources */,
				5277BDA72BBBF26A007BDF0C /* main.m in Sources */,
				5277BDB12BBBF9BB007BDF0C /* Reminder.m in Sources */,
				5277BD992BBBF269007BDF0C /* SceneDelegate.m in Sources */,
				52897E832BC6673000FEA30B /* ReminderDoneButton.m in Sources */,
			);
			runOnlyForDeploymentPostprocessing = 0;
		};
/* End PBXSourcesBuildPhase section */

/* Begin PBXVariantGroup section */
		5277BD9D2BBBF269007BDF0C /* Main.storyboard */ = {
			isa = PBXVariantGroup;
			children = (
				5277BD9E2BBBF269007BDF0C /* Base */,
			);
			name = Main.storyboard;
			sourceTree = "<group>";
		};
		5277BDA22BBBF26A007BDF0C /* LaunchScreen.storyboard */ = {
			isa = PBXVariantGroup;
			children = (
				5277BDA32BBBF26A007BDF0C /* Base */,
			);
			name = LaunchScreen.storyboard;
			sourceTree = "<group>";
		};
/* End PBXVariantGroup section */

/* Begin XCBuildConfiguration section */
		5277BDA82BBBF26A007BDF0C /* Debug */ = {
			isa = XCBuildConfiguration;
			buildSettings = {
				ALWAYS_SEARCH_USER_PATHS = NO;
				ASSETCATALOG_COMPILER_GENERATE_SWIFT_ASSET_SYMBOL_EXTENSIONS = YES;
				CLANG_ANALYZER_NONNULL = YES;
				CLANG_ANALYZER_NUMBER_OBJECT_CONVERSION = YES_AGGRESSIVE;
				CLANG_CXX_LANGUAGE_STANDARD = "gnu++20";
				CLANG_ENABLE_MODULES = YES;
				CLANG_ENABLE_OBJC_ARC = YES;
				CLANG_ENABLE_OBJC_WEAK = YES;
				CLANG_WARN_BLOCK_CAPTURE_AUTORELEASING = YES;
				CLANG_WARN_BOOL_CONVERSION = YES;
				CLANG_WARN_COMMA = YES;
				CLANG_WARN_CONSTANT_CONVERSION = YES;
				CLANG_WARN_DEPRECATED_OBJC_IMPLEMENTATIONS = YES;
				CLANG_WARN_DIRECT_OBJC_ISA_USAGE = YES_ERROR;
				CLANG_WARN_DOCUMENTATION_COMMENTS = YES;
				CLANG_WARN_EMPTY_BODY = YES;
				CLANG_WARN_ENUM_CONVERSION = YES;
				CLANG_WARN_INFINITE_RECURSION = YES;
				CLANG_WARN_INT_CONVERSION = YES;
				CLANG_WARN_NON_LITERAL_NULL_CONVERSION = YES;
				CLANG_WARN_OBJC_IMPLICIT_RETAIN_SELF = YES;
				CLANG_WARN_OBJC_LITERAL_CONVERSION = YES;
				CLANG_WARN_OBJC_ROOT_CLASS = YES_ERROR;
				CLANG_WARN_QUOTED_INCLUDE_IN_FRAMEWORK_HEADER = YES;
				CLANG_WARN_RANGE_LOOP_ANALYSIS = YES;
				CLANG_WARN_STRICT_PROTOTYPES = YES;
				CLANG_WARN_SUSPICIOUS_MOVE = YES;
				CLANG_WARN_UNGUARDED_AVAILABILITY = YES_AGGRESSIVE;
				CLANG_WARN_UNREACHABLE_CODE = YES;
				CLANG_WARN__DUPLICATE_METHOD_MATCH = YES;
				COPY_PHASE_STRIP = NO;
				DEBUG_INFORMATION_FORMAT = dwarf;
				ENABLE_STRICT_OBJC_MSGSEND = YES;
				ENABLE_TESTABILITY = YES;
				ENABLE_USER_SCRIPT_SANDBOXING = YES;
				GCC_C_LANGUAGE_STANDARD = gnu17;
				GCC_DYNAMIC_NO_PIC = NO;
				GCC_NO_COMMON_BLOCKS = YES;
				GCC_OPTIMIZATION_LEVEL = 0;
				GCC_PREPROCESSOR_DEFINITIONS = (
					"DEBUG=1",
					"$(inherited)",
				);
				GCC_WARN_64_TO_32_BIT_CONVERSION = YES;
				GCC_WARN_ABOUT_RETURN_TYPE = YES_ERROR;
				GCC_WARN_UNDECLARED_SELECTOR = YES;
				GCC_WARN_UNINITIALIZED_AUTOS = YES_AGGRESSIVE;
				GCC_WARN_UNUSED_FUNCTION = YES;
				GCC_WARN_UNUSED_VARIABLE = YES;
				IPHONEOS_DEPLOYMENT_TARGET = 17.2;
				LOCALIZATION_PREFERS_STRING_CATALOGS = YES;
				MTL_ENABLE_DEBUG_INFO = INCLUDE_SOURCE;
				MTL_FAST_MATH = YES;
				ONLY_ACTIVE_ARCH = YES;
				SDKROOT = iphoneos;
			};
			name = Debug;
		};
		5277BDA92BBBF26A007BDF0C /* Release */ = {
			isa = XCBuildConfiguration;
			buildSettings = {
				ALWAYS_SEARCH_USER_PATHS = NO;
				ASSETCATALOG_COMPILER_GENERATE_SWIFT_ASSET_SYMBOL_EXTENSIONS = YES;
				CLANG_ANALYZER_NONNULL = YES;
				CLANG_ANALYZER_NUMBER_OBJECT_CONVERSION = YES_AGGRESSIVE;
				CLANG_CXX_LANGUAGE_STANDARD = "gnu++20";
				CLANG_ENABLE_MODULES = YES;
				CLANG_ENABLE_OBJC_ARC = YES;
				CLANG_ENABLE_OBJC_WEAK = YES;
				CLANG_WARN_BLOCK_CAPTURE_AUTORELEASING = YES;
				CLANG_WARN_BOOL_CONVERSION = YES;
				CLANG_WARN_COMMA = YES;
				CLANG_WARN_CONSTANT_CONVERSION = YES;
				CLANG_WARN_DEPRECATED_OBJC_IMPLEMENTATIONS = YES;
				CLANG_WARN_DIRECT_OBJC_ISA_USAGE = YES_ERROR;
				CLANG_WARN_DOCUMENTATION_COMMENTS = YES;
				CLANG_WARN_EMPTY_BODY = YES;
				CLANG_WARN_ENUM_CONVERSION = YES;
				CLANG_WARN_INFINITE_RECURSION = YES;
				CLANG_WARN_INT_CONVERSION = YES;
				CLANG_WARN_NON_LITERAL_NULL_CONVERSION = YES;
				CLANG_WARN_OBJC_IMPLICIT_RETAIN_SELF = YES;
				CLANG_WARN_OBJC_LITERAL_CONVERSION = YES;
				CLANG_WARN_OBJC_ROOT_CLASS = YES_ERROR;
				CLANG_WARN_QUOTED_INCLUDE_IN_FRAMEWORK_HEADER = YES;
				CLANG_WARN_RANGE_LOOP_ANALYSIS = YES;
				CLANG_WARN_STRICT_PROTOTYPES = YES;
				CLANG_WARN_SUSPICIOUS_MOVE = YES;
				CLANG_WARN_UNGUARDED_AVAILABILITY = YES_AGGRESSIVE;
				CLANG_WARN_UNREACHABLE_CODE = YES;
				CLANG_WARN__DUPLICATE_METHOD_MATCH = YES;
				COPY_PHASE_STRIP = NO;
				DEBUG_INFORMATION_FORMAT = "dwarf-with-dsym";
				ENABLE_NS_ASSERTIONS = NO;
				ENABLE_STRICT_OBJC_MSGSEND = YES;
				ENABLE_USER_SCRIPT_SANDBOXING = YES;
				GCC_C_LANGUAGE_STANDARD = gnu17;
				GCC_NO_COMMON_BLOCKS = YES;
				GCC_WARN_64_TO_32_BIT_CONVERSION = YES;
				GCC_WARN_ABOUT_RETURN_TYPE = YES_ERROR;
				GCC_WARN_UNDECLARED_SELECTOR = YES;
				GCC_WARN_UNINITIALIZED_AUTOS = YES_AGGRESSIVE;
				GCC_WARN_UNUSED_FUNCTION = YES;
				GCC_WARN_UNUSED_VARIABLE = YES;
				IPHONEOS_DEPLOYMENT_TARGET = 17.2;
				LOCALIZATION_PREFERS_STRING_CATALOGS = YES;
				MTL_ENABLE_DEBUG_INFO = NO;
				MTL_FAST_MATH = YES;
				SDKROOT = iphoneos;
				VALIDATE_PRODUCT = YES;
			};
			name = Release;
		};
		5277BDAB2BBBF26A007BDF0C /* Debug */ = {
			isa = XCBuildConfiguration;
			buildSettings = {
				ASSETCATALOG_COMPILER_APPICON_NAME = AppIcon;
				ASSETCATALOG_COMPILER_GLOBAL_ACCENT_COLOR_NAME = AccentColor;
				CODE_SIGN_STYLE = Automatic;
				CURRENT_PROJECT_VERSION = 1;
				DEVELOPMENT_TEAM = 6RAX5AJH5Y;
				GENERATE_INFOPLIST_FILE = YES;
				INFOPLIST_FILE = Today/Info.plist;
				INFOPLIST_KEY_UIApplicationSupportsIndirectInputEvents = YES;
				INFOPLIST_KEY_UILaunchStoryboardName = LaunchScreen;
				INFOPLIST_KEY_UIMainStoryboardFile = Main;
				INFOPLIST_KEY_UISupportedInterfaceOrientations_iPad = "UIInterfaceOrientationPortrait UIInterfaceOrientationPortraitUpsideDown UIInterfaceOrientationLandscapeLeft UIInterfaceOrientationLandscapeRight";
				INFOPLIST_KEY_UISupportedInterfaceOrientations_iPhone = "UIInterfaceOrientationPortrait UIInterfaceOrientationLandscapeLeft UIInterfaceOrientationLandscapeRight";
				LD_RUNPATH_SEARCH_PATHS = (
					"$(inherited)",
					"@executable_path/Frameworks",
				);
				MARKETING_VERSION = 1.0;
				PRODUCT_BUNDLE_IDENTIFIER = com.iosbuilder.Today;
				PRODUCT_NAME = "$(TARGET_NAME)";
				SWIFT_EMIT_LOC_STRINGS = YES;
				TARGETED_DEVICE_FAMILY = "1,2";
			};
			name = Debug;
		};
		5277BDAC2BBBF26A007BDF0C /* Release */ = {
			isa = XCBuildConfiguration;
			buildSettings = {
				ASSETCATALOG_COMPILER_APPICON_NAME = AppIcon;
				ASSETCATALOG_COMPILER_GLOBAL_ACCENT_COLOR_NAME = AccentColor;
				CODE_SIGN_STYLE = Automatic;
				CURRENT_PROJECT_VERSION = 1;
				DEVELOPMENT_TEAM = 6RAX5AJH5Y;
				GENERATE_INFOPLIST_FILE = YES;
				INFOPLIST_FILE = Today/Info.plist;
				INFOPLIST_KEY_UIApplicationSupportsIndirectInputEvents = YES;
				INFOPLIST_KEY_UILaunchStoryboardName = LaunchScreen;
				INFOPLIST_KEY_UIMainStoryboardFile = Main;
				INFOPLIST_KEY_UISupportedInterfaceOrientations_iPad = "UIInterfaceOrientationPortrait UIInterfaceOrientationPortraitUpsideDown UIInterfaceOrientationLandscapeLeft UIInterfaceOrientationLandscapeRight";
				INFOPLIST_KEY_UISupportedInterfaceOrientations_iPhone = "UIInterfaceOrientationPortrait UIInterfaceOrientationLandscapeLeft UIInterfaceOrientationLandscapeRight";
				LD_RUNPATH_SEARCH_PATHS = (
					"$(inherited)",
					"@executable_path/Frameworks",
				);
				MARKETING_VERSION = 1.0;
				PRODUCT_BUNDLE_IDENTIFIER = com.iosbuilder.Today;
				PRODUCT_NAME = "$(TARGET_NAME)";
				SWIFT_EMIT_LOC_STRINGS = YES;
				TARGETED_DEVICE_FAMILY = "1,2";
			};
			name = Release;
		};
/* End XCBuildConfiguration section */

/* Begin XCConfigurationList section */
		5277BD8C2BBBF269007BDF0C /* Build configuration list for PBXProject "Today" */ = {
			isa = XCConfigurationList;
			buildConfigurations = (
				5277BDA82BBBF26A007BDF0C /* Debug */,
				5277BDA92BBBF26A007BDF0C /* Release */,
			);
			defaultConfigurationIsVisible = 0;
			defaultConfigurationName = Release;
		};
		5277BDAA2BBBF26A007BDF0C /* Build configuration list for PBXNativeTarget "Today" */ = {
			isa = XCConfigurationList;
			buildConfigurations = (
				5277BDAB2BBBF26A007BDF0C /* Debug */,
				5277BDAC2BBBF26A007BDF0C /* Release */,
			);
			defaultConfigurationIsVisible = 0;
			defaultConfigurationName = Release;
		};
/* End XCConfigurationList section */
	};
	rootObject = 5277BD892BBBF269007BDF0C /* Project object */;
}
